{
  "name": "todomvc-app-template",
  "lockfileVersion": 2,
  "requires": true,
  "packages": {
    "": {
      "dependencies": {
        "todomvc-app-css": "^2.0.0",
        "todomvc-common": "^1.0.0",
        "vue": "^2.6.10"
      }
    },
    "node_modules/todomvc-app-css": {
      "version": "2.4.1",
      "resolved": "https://registry.nlark.com/todomvc-app-css/download/todomvc-app-css-2.4.1.tgz",
      "integrity": "sha1-Uot+QKLYLgHSdWMzyKw04jt1D/g="
    },
    "node_modules/todomvc-common": {
      "version": "1.0.5",
      "resolved": "https://registry.nlark.com/todomvc-common/download/todomvc-common-1.0.5.tgz",
      "integrity": "sha1-jD55msnx/BVz4MIE+YRRCCaRRzA="
    },
    "node_modules/vue": {
      "version": "2.6.10",
      "resolved": "https://registry.npmmirror.com/vue/download/vue-2.6.10.tgz?cache=0&sync_timestamp=1636948095873&other_urls=https%3A%2F%2Fregistry.npmmirror.com%2Fvue%2Fdownload%2Fvue-2.6.10.tgz",
      "integrity": "sha1-pysaQqTYKnIepDjRtr9V5mGVxjc="
    }
  },
  "dependencies": {
    "todomvc-app-css": {
      "version": "2.4.1",
      "resolved": "https://registry.nlark.com/todomvc-app-css/download/todomvc-app-css-2.4.1.tgz",
      "integrity": "sha1-Uot+QKLYLgHSdWMzyKw04jt1D/g="
    },
    "todomvc-common": {
      "version": "1.0.5",
      "resolved": "https://registry.nlark.com/todomvc-common/download/todomvc-common-1.0.5.tgz",
      "integrity": "sha1-jD55msnx/BVz4MIE+YRRCCaRRzA="
    },
    "vue": {
      "version": "2.6.10",
      "resolved": "https://registry.npmmirror.com/vue/download/vue-2.6.10.tgz?cache=0&sync_timestamp=1636948095873&other_urls=https%3A%2F%2Fregistry.npmmirror.com%2Fvue%2Fdownload%2Fvue-2.6.10.tgz",
      "integrity": "sha1-pysaQqTYKnIepDjRtr9V5mGVxjc="
    }
  }
}
